// !$*UTF8*$!
{
	archiveVersion = 1;
	classes = {
	};
	objectVersion = 46;
	objects = {

/* Begin PBXBuildFile section */
		699161ED1DDD659400982F27 /* AppDelegate.swift in Sources */ = {isa = PBXBuildFile; fileRef = 699161EC1DDD659400982F27 /* AppDelegate.swift */; };
		699161EF1DDD659400982F27 /* ViewController.swift in Sources */ = {isa = PBXBuildFile; fileRef = 699161EE1DDD659400982F27 /* ViewController.swift */; };
		699161F21DDD659400982F27 /* Main.storyboard in Resources */ = {isa = PBXBuildFile; fileRef = 699161F01DDD659400982F27 /* Main.storyboard */; };
		699161F41DDD659400982F27 /* Assets.xcassets in Resources */ = {isa = PBXBuildFile; fileRef = 699161F31DDD659400982F27 /* Assets.xcassets */; };
		699161F71DDD659400982F27 /* LaunchScreen.storyboard in Resources */ = {isa = PBXBuildFile; fileRef = 699161F51DDD659400982F27 /* LaunchScreen.storyboard */; };
/* End PBXBuildFile section */

/* Begin PBXFileReference section */
		699161E91DDD659400982F27 /* EasyVote.app */ = {isa = PBXFileReference; explicitFileType = wrapper.application; includeInIndex = 0; path = EasyVote.app; sourceTree = BUILT_PRODUCTS_DIR; };
		699161EC1DDD659400982F27 /* AppDelegate.swift */ = {isa = PBXFileReference; lastKnownFileType = sourcecode.swift; path = AppDelegate.swift; sourceTree = "<group>"; };
		699161EE1DDD659400982F27 /* ViewController.swift */ = {isa = PBXFileReference; lastKnownFileType = sourcecode.swift; path = ViewController.swift; sourceTree = "<group>"; };
		699161F11DDD659400982F27 /* Base */ = {isa = PBXFileReference; lastKnownFileType = file.storyboard; name = Base; path = Base.lproj/Main.storyboard; sourceTree = "<group>"; };
		699161F31DDD659400982F27 /* Assets.xcassets */ = {isa = PBXFileReference; lastKnownFileType = folder.assetcatalog; path = Assets.xcassets; sourceTree = "<group>"; };
		699161F61DDD659400982F27 /* Base */ = {isa = PBXFileReference; lastKnownFileType = file.storyboard; name = Base; path = Base.lproj/LaunchScreen.storyboard; sourceTree = "<group>"; };
		699161F81DDD659400982F27 /* Info.plist */ = {isa = PBXFileReference; lastKnownFileType = text.plist.xml; path = Info.plist; sourceTree = "<group>"; };
/* End PBXFileReference section */

/* Begin PBXFrameworksBuildPhase section */
		699161E61DDD659400982F27 /* Frameworks */ = {
			isa = PBXFrameworksBuildPhase;
			buildActionMask = 2147483647;
			files = (
			);
			runOnlyForDeploymentPostprocessing = 0;
		};
/* End PBXFrameworksBuildPhase section */

/* Begin PBXGroup section */
		699161E01DDD659400982F27 = {
			isa = PBXGroup;
			children = (
				699161EB1DDD659400982F27 /* EasyVote */,
				699161EA1DDD659400982F27 /* Products */,
			);
			sourceTree = "<group>";
		};
		699161EA1DDD659400982F27 /* Products */ = {
			isa = PBXGroup;
			children = (
				699161E91DDD659400982F27 /* EasyVote.app */,
			);
			name = Products;
			sourceTree = "<group>";
		};
		699161EB1DDD659400982F27 /* EasyVote */ = {
			isa = PBXGroup;
			children = (
				699161EC1DDD659400982F27 /* AppDelegate.swift */,
				699161EE1DDD659400982F27 /* ViewController.swift */,
				699161F01DDD659400982F27 /* Main.storyboard */,
				699161F31DDD659400982F27 /* Assets.xcassets */,
				699161F51DDD659400982F27 /* LaunchScreen.storyboard */,
				699161F81DDD659400982F27 /* Info.plist */,
			);
			path = EasyVote;
			sourceTree = "<group>";
		};
/* End PBXGroup section */

/* Begin PBXNativeTarget section */
		699161E81DDD659400982F27 /* EasyVote */ = {
			isa = PBXNativeTarget;
			buildConfigurationList = 699161FB1DDD659400982F27 /* Build configuration list for PBXNativeTarget "EasyVote" */;
			buildPhases = (
				699161E51DDD659400982F27 /* Sources */,
				699161E61DDD659400982F27 /* Frameworks */,
				699161E71DDD659400982F27 /* Resources */,
			);
			buildRules = (
			);
			dependencies = (
			);
			name = EasyVote;
			productName = EasyVote;
			productReference = 699161E91DDD659400982F27 /* EasyVote.app */;
			productType = "com.apple.product-type.application";
		};
/* End PBXNativeTarget section */

/* Begin PBXProject section */
		699161E11DDD659400982F27 /* Project object */ = {
			isa = PBXProject;
			attributes = {
				LastSwiftUpdateCheck = 0800;
				LastUpgradeCheck = 0800;
				ORGANIZATIONNAME = "Howard Wells Wulsin";
				TargetAttributes = {
					699161E81DDD659400982F27 = {
						CreatedOnToolsVersion = 8.0;
						DevelopmentTeam = JKCZB8H2ND;
						ProvisioningStyle = Automatic;
					};
				};
			};
			buildConfigurationList = 699161E41DDD659400982F27 /* Build configuration list for PBXProject "EasyVote" */;
			compatibilityVersion = "Xcode 3.2";
			developmentRegion = English;
			hasScannedForEncodings = 0;
			knownRegions = (
				en,
				Base,
			);
			mainGroup = 699161E01DDD659400982F27;
			productRefGroup = 699161EA1DDD659400982F27 /* Products */;
			projectDirPath = "";
			projectRoot = "";
			targets = (
				699161E81DDD659400982F27 /* EasyVote */,
			);
		};
/* End PBXProject section */

/* Begin PBXResourcesBuildPhase section */
		699161E71DDD659400982F27 /* Resources */ = {
			isa = PBXResourcesBuildPhase;
			buildActionMask = 2147483647;
			files = (
				699161F71DDD659400982F27 /* LaunchScreen.storyboard in Resources */,
				699161F41DDD659400982F27 /* Assets.xcassets in Resources */,
				699161F21DDD659400982F27 /* Main.storyboard in Resources */,
			);
			runOnlyForDeploymentPostprocessing = 0;
		};
/* End PBXResourcesBuildPhase section */

/* Begin PBXSourcesBuildPhase section */
		699161E51DDD659400982F27 /* Sources */ = {
			isa = PBXSourcesBuildPhase;
			buildActionMask = 2147483647;
			files = (
				699161EF1DDD659400982F27 /* ViewController.swift in Sources */,
				699161ED1DDD659400982F27 /* AppDelegate.swift in Sources */,
			);
			runOnlyForDeploymentPostprocessing = 0;
		};
/* End PBXSourcesBuildPhase section */

/* Begin PBXVariantGroup section */
		699161F01DDD659400982F27 /* Main.storyboard */ = {
			isa = PBXVariantGroup;
			children = (
				699161F11DDD659400982F27 /* Base */,
			);
			name = Main.storyboard;
			sourceTree = "<group>";
		};
		699161F51DDD659400982F27 /* LaunchScreen.storyboard */ = {
			isa = PBXVariantGroup;
			children = (
				699161F61DDD659400982F27 /* Base */,
			);
			name = LaunchScreen.storyboard;
			sourceTree = "<group>";
		};
/* End PBXVariantGroup section */

/* Begin XCBuildConfiguration section */
		699161F91DDD659400982F27 /* Debug */ = {
			isa = XCBuildConfiguration;
			buildSettings = {
				ALWAYS_SEARCH_USER_PATHS = NO;
				CLANG_ANALYZER_NONNULL = YES;
				CLANG_CXX_LANGUAGE_STANDARD = "gnu++0x";
				CLANG_CXX_LIBRARY = "libc++";
				CLANG_ENABLE_MODULES = YES;
				CLANG_ENABLE_OBJC_ARC = YES;
				CLANG_WARN_BOOL_CONVERSION = YES;
				CLANG_WARN_CONSTANT_CONVERSION = YES;
				CLANG_WARN_DIRECT_OBJC_ISA_USAGE = YES_ERROR;
				CLANG_WARN_DOCUMENTATION_COMMENTS = YES;
				CLANG_WARN_EMPTY_BODY = YES;
				CLANG_WARN_ENUM_CONVERSION = YES;
				CLANG_WARN_INFINITE_RECURSION = YES;
				CLANG_WARN_INT_CONVERSION = YES;
				CLANG_WARN_OBJC_ROOT_CLASS = YES_ERROR;
				CLANG_WARN_SUSPICIOUS_MOVES = YES;
				CLANG_WARN_UNREACHABLE_CODE = YES;
				CLANG_WARN__DUPLICATE_METHOD_MATCH = YES;
				"CODE_SIGN_IDENTITY[sdk=iphoneos*]" = "iPhone Developer";
				COPY_PHASE_STRIP = NO;
				DEBUG_INFORMATION_FORMAT = dwarf;
				ENABLE_STRICT_OBJC_MSGSEND = YES;
				ENABLE_TESTABILITY = YES;
				GCC_C_LANGUAGE_STANDARD = gnu99;
				GCC_DYNAMIC_NO_PIC = NO;
				GCC_NO_COMMON_BLOCKS = YES;
				GCC_OPTIMIZATION_LEVEL = 0;
				GCC_PREPROCESSOR_DEFINITIONS = (
					"DEBUG=1",
					"$(inherited)",
				);
				GCC_WARN_64_TO_32_BIT_CONVERSION = YES;
				GCC_WARN_ABOUT_RETURN_TYPE = YES_ERROR;
				GCC_WARN_UNDECLARED_SELECTOR = YES;
				GCC_WARN_UNINITIALIZED_AUTOS = YES_AGGRESSIVE;
				GCC_WARN_UNUSED_FUNCTION = YES;
				GCC_WARN_UNUSED_VARIABLE = YES;
				IPHONEOS_DEPLOYMENT_TARGET = 10.0;
				MTL_ENABLE_DEBUG_INFO = YES;
				ONLY_ACTIVE_ARCH = YES;
				SDKROOT = iphoneos;
				SWIFT_ACTIVE_COMPILATION_CONDITIONS = DEBUG;
				SWIFT_OPTIMIZATION_LEVEL = "-Onone";
			};
			name = Debug;
		};
		699161FA1DDD659400982F27 /* Release */ = {
			isa = XCBuildConfiguration;
			buildSettings = {
				ALWAYS_SEARCH_USER_PATHS = NO;
				CLANG_ANALYZER_NONNULL = YES;
				CLANG_CXX_LANGUAGE_STANDARD = "gnu++0x";
				CLANG_CXX_LIBRARY = "libc++";
				CLANG_ENABLE_MODULES = YES;
				CLANG_ENABLE_OBJC_ARC = YES;
				CLANG_WARN_BOOL_CONVERSION = YES;
				CLANG_WARN_CONSTANT_CONVERSION = YES;
				CLANG_WARN_DIRECT_OBJC_ISA_USAGE = YES_ERROR;
				CLANG_WARN_DOCUMENTATION_COMMENTS = YES;
				CLANG_WARN_EMPTY_BODY = YES;
				CLANG_WARN_ENUM_CONVERSION = YES;
				CLANG_WARN_INFINITE_RECURSION = YES;
				CLANG_WARN_INT_CONVERSION = YES;
				CLANG_WARN_OBJC_ROOT_CLASS = YES_ERROR;
				CLANG_WARN_SUSPICIOUS_MOVES = YES;
				CLANG_WARN_UNREACHABLE_CODE = YES;
				CLANG_WARN__DUPLICATE_METHOD_MATCH = YES;
				"CODE_SIGN_IDENTITY[sdk=iphoneos*]" = "iPhone Developer";
				COPY_PHASE_STRIP = NO;
				DEBUG_INFORMATION_FORMAT = "dwarf-with-dsym";
				ENABLE_NS_ASSERTIONS = NO;
				ENABLE_STRICT_OBJC_MSGSEND = YES;
				GCC_C_LANGUAGE_STANDARD = gnu99;
				GCC_NO_COMMON_BLOCKS = YES;
				GCC_WARN_64_TO_32_BIT_CONVERSION = YES;
				GCC_WARN_ABOUT_RETURN_TYPE = YES_ERROR;
				GCC_WARN_UNDECLARED_SELECTOR = YES;
				GCC_WARN_UNINITIALIZED_AUTOS = YES_AGGRESSIVE;
				GCC_WARN_UNUSED_FUNCTION = YES;
				GCC_WARN_UNUSED_VARIABLE = YES;
				IPHONEOS_DEPLOYMENT_TARGET = 10.0;
				MTL_ENABLE_DEBUG_INFO = NO;
				SDKROOT = iphoneos;
				SWIFT_OPTIMIZATION_LEVEL = "-Owholemodule";
				VALIDATE_PRODUCT = YES;
			};
			name = Release;
		};
		699161FC1DDD659400982F27 /* Debug */ = {
			isa = XCBuildConfiguration;
			buildSettings = {
				ASSETCATALOG_COMPILER_APPICON_NAME = AppIcon;
				DEVELOPMENT_TEAM = JKCZB8H2ND;
				INFOPLIST_FILE = EasyVote/Info.plist;
				LD_RUNPATH_SEARCH_PATHS = "$(inherited) @executable_path/Frameworks";
				PRODUCT_BUNDLE_IDENTIFIER = com.hwwulsin.EasyVote;
				PRODUCT_NAME = "$(TARGET_NAME)";
				SWIFT_VERSION = 3.0;
			};
			name = Debug;
		};
		699161FD1DDD659400982F27 /* Release */ = {
			isa = XCBuildConfiguration;
			buildSettings = {
				ASSETCATALOG_COMPILER_APPICON_NAME = AppIcon;
				DEVELOPMENT_TEAM = JKCZB8H2ND;
				INFOPLIST_FILE = EasyVote/Info.plist;
				LD_RUNPATH_SEARCH_PATHS = "$(inherited) @executable_path/Frameworks";
				PRODUCT_BUNDLE_IDENTIFIER = com.hwwulsin.EasyVote;
				PRODUCT_NAME = "$(TARGET_NAME)";
				SWIFT_VERSION = 3.0;
			};
			name = Release;
		};
/* End XCBuildConfiguration section */

/* Begin XCConfigurationList section */
		699161E41DDD659400982F27 /* Build configuration list for PBXProject "EasyVote" */ = {
			isa = XCConfigurationList;
			buildConfigurations = (
				699161F91DDD659400982F27 /* Debug */,
				699161FA1DDD659400982F27 /* Release */,
			);
			defaultConfigurationIsVisible = 0;
			defaultConfigurationName = Release;
		};
		699161FB1DDD659400982F27 /* Build configuration list for PBXNativeTarget "EasyVote" */ = {
			isa = XCConfigurationList;
			buildConfigurations = (
				699161FC1DDD659400982F27 /* Debug */,
				699161FD1DDD659400982F27 /* Release */,
			);
			defaultConfigurationIsVisible = 0;
			defaultConfigurationName = Release;
		};
/* End XCConfigurationList section */
	};
	rootObject = 699161E11DDD659400982F27 /* Project object */;
}
